PODS:
  - audio_session (0.0.1):
    - Flutter
  - Flutter (1.0.0)
  - speech_to_text (0.0.1):
    - Flutter
    - FlutterMacOS
    - Try
  - Try (2.1.1)
  - volume_controller (0.0.1):
    - Flutter

DEPENDENCIES:
  - audio_session (from `.symlinks/plugins/audio_session/ios`)
  - Flutter (from `Flutter`)
  - speech_to_text (from `.symlinks/plugins/speech_to_text/darwin`)
  - volume_controller (from `.symlinks/plugins/volume_controller/ios`)

SPEC REPOS:
  trunk:
    - Try

EXTERNAL SOURCES:
  audio_session:
    :path: ".symlinks/plugins/audio_session/ios"
  Flutter:
    :path: Flutter
  speech_to_text:
    :path: ".symlinks/plugins/speech_to_text/darwin"
  volume_controller:
    :path: ".symlinks/plugins/volume_controller/ios"

SPEC CHECKSUMS:
  audio_session: 9bb7f6c970f21241b19f5a3658097ae459681ba0
  Flutter: e0871f40cf51350855a761d2e70bf5af5b9b5de7
  speech_to_text: 9dc43a5df3cbc2813f8c7cc9bd0fbf94268ed7ac
  Try: 5ef669ae832617b3cee58cb2c6f99fb767a4ff96
  volume_controller: 3657a1f65bedb98fa41ff7dc5793537919f31b12

PODFILE CHECKSUM: 819463e6a0290f5a72f145ba7cde16e8b6ef0796

COCOAPODS: 1.16.2
